Microsoft Visual Studio Solution File, Format Version 11.00
# Visual Studio 2008

Project("{2E4B97FD-E8CF-6308-5EC9-69FCC7E490C0}") = "Lighting", "Assembly-CSharp-vs.csproj", "{ABE4A959-5E10-C173-C8D5-DAADD9FCADE0}"
EndProject
Global
	GlobalSection(SolutionConfigurationPlatforms) = preSolution
		Debug|Any CPU = Debug|Any CPU
		Release|Any CPU = Release|Any CPU
	EndGlobalSection
	GlobalSection(ProjectConfigurationPlatforms) = postSolution
		{ABE4A959-5E10-C173-C8D5-DAADD9FCADE0}.Debug|Any CPU.ActiveCfg = Debug|Any CPU
		{ABE4A959-5E10-C173-C8D5-DAADD9FCADE0}.Debug|Any CPU.Build.0 = Debug|Any CPU
		{ABE4A959-5E10-C173-C8D5-DAADD9FCADE0}.Release|Any CPU.ActiveCfg = Release|Any CPU
		{ABE4A959-5E10-C173-C8D5-DAADD9FCADE0}.Release|Any CPU.Build.0 = Release|Any CPU
	EndGlobalSection
	GlobalSection(SolutionProperties) = preSolution
		HideSolutionNode = FALSE
	EndGlobalSection
																										GlobalSection(MonoDevelopProperties) = preSolution
		StartupItem = Assembly-CSharp.csproj
		Policies = $0
		$0.TextStylePolicy = $1
		$1.inheritsSet = null
		$1.scope = text/x-csharp
		$0.CSharpFormattingPolicy = $2
		$2.inheritsSet = Mono
		$2.inheritsScope = text/x-csharp
		$2.scope = text/x-csharp
		$0.TextStylePolicy = $3
		$3.FileWidth = 120
		$3.TabWidth = 4
		$3.IndentWidth = 4
		$3.EolMarker = Unix
		$3.inheritsSet = Mono
		$3.inheritsScope = text/plain
		$3.scope = text/plain
	EndGlobalSection

EndGlobal
